
Microsoft Visual Studio Solution File, Format Version 12.00
Project("{FAE04EC0-301F-11D3-BF4B-00C04F79EFBC}") = "Api1", "Api1\Api1.csproj", "{499C6BE7-6E61-4E85-A3AA-B450CC1CF4CE}"
EndProject
Project("{2150E333-8FDC-42A3-9474-1A3956D46DE8}") = "libs", "libs", "{C84A52F7-7FCD-4803-AAE0-AEF7BF4FCF35}"
EndProject
Project("{2150E333-8FDC-42A3-9474-1A3956D46DE8}") = "apps", "apps", "{A6E9E030-C8FE-4C9E-9051-A4313628D406}"
EndProject
Project("{FAE04EC0-301F-11D3-BF4B-00C04F79EFBC}") = "common", "common\common.csproj", "{0EC4042F-11A5-4B80-89CC-3281A678B763}"
EndProject
Project("{FAE04EC0-301F-11D3-BF4B-00C04F79EFBC}") = "generated", "generated\generated.csproj", "{1F5D5D49-5E1D-4728-93F1-1348C95A5855}"
EndProject
Project("{FAE04EC0-301F-11D3-BF4B-00C04F79EFBC}") = "Api2", "Api2\Api2.csproj", "{57BF7E08-F4B4-46D3-A0FD-A6A17A216E30}"
EndProject
Global
	GlobalSection(SolutionConfigurationPlatforms) = preSolution
		Debug|Any CPU = Debug|Any CPU
		Release|Any CPU = Release|Any CPU
	EndGlobalSection
	GlobalSection(ProjectConfigurationPlatforms) = postSolution
		{499C6BE7-6E61-4E85-A3AA-B450CC1CF4CE}.Debug|Any CPU.ActiveCfg = Debug|Any CPU
		{499C6BE7-6E61-4E85-A3AA-B450CC1CF4CE}.Debug|Any CPU.Build.0 = Debug|Any CPU
		{499C6BE7-6E61-4E85-A3AA-B450CC1CF4CE}.Release|Any CPU.ActiveCfg = Release|Any CPU
		{499C6BE7-6E61-4E85-A3AA-B450CC1CF4CE}.Release|Any CPU.Build.0 = Release|Any CPU
		{0EC4042F-11A5-4B80-89CC-3281A678B763}.Debug|Any CPU.ActiveCfg = Debug|Any CPU
		{0EC4042F-11A5-4B80-89CC-3281A678B763}.Debug|Any CPU.Build.0 = Debug|Any CPU
		{0EC4042F-11A5-4B80-89CC-3281A678B763}.Release|Any CPU.ActiveCfg = Release|Any CPU
		{0EC4042F-11A5-4B80-89CC-3281A678B763}.Release|Any CPU.Build.0 = Release|Any CPU
		{1F5D5D49-5E1D-4728-93F1-1348C95A5855}.Debug|Any CPU.ActiveCfg = Debug|Any CPU
		{1F5D5D49-5E1D-4728-93F1-1348C95A5855}.Debug|Any CPU.Build.0 = Debug|Any CPU
		{1F5D5D49-5E1D-4728-93F1-1348C95A5855}.Release|Any CPU.ActiveCfg = Release|Any CPU
		{1F5D5D49-5E1D-4728-93F1-1348C95A5855}.Release|Any CPU.Build.0 = Release|Any CPU
		{57BF7E08-F4B4-46D3-A0FD-A6A17A216E30}.Debug|Any CPU.ActiveCfg = Debug|Any CPU
		{57BF7E08-F4B4-46D3-A0FD-A6A17A216E30}.Debug|Any CPU.Build.0 = Debug|Any CPU
		{57BF7E08-F4B4-46D3-A0FD-A6A17A216E30}.Release|Any CPU.ActiveCfg = Release|Any CPU
		{57BF7E08-F4B4-46D3-A0FD-A6A17A216E30}.Release|Any CPU.Build.0 = Release|Any CPU
	EndGlobalSection
	GlobalSection(NestedProjects) = preSolution
		{499C6BE7-6E61-4E85-A3AA-B450CC1CF4CE} = {A6E9E030-C8FE-4C9E-9051-A4313628D406}
		{0EC4042F-11A5-4B80-89CC-3281A678B763} = {C84A52F7-7FCD-4803-AAE0-AEF7BF4FCF35}
		{1F5D5D49-5E1D-4728-93F1-1348C95A5855} = {C84A52F7-7FCD-4803-AAE0-AEF7BF4FCF35}
		{57BF7E08-F4B4-46D3-A0FD-A6A17A216E30} = {A6E9E030-C8FE-4C9E-9051-A4313628D406}
	EndGlobalSection
EndGlobal
